PODS:
  - Shakuro.CommonTypes (1.1.4)
  - SwiftLint (0.43.1)

DEPENDENCIES:
  - Shakuro.CommonTypes (= 1.1.4)
  - SwiftLint (= 0.43.1)

SPEC REPOS:
  https://github.com/CocoaPods/Specs.git:
    - Shakuro.CommonTypes
    - SwiftLint

SPEC CHECKSUMS:
  Shakuro.CommonTypes: a3c3d432a2fc19e3e7971dad13aa9066d7ce5771
  SwiftLint: 99f82d07b837b942dd563c668de129a03fc3fb52

PODFILE CHECKSUM: ff3b896d2ce42f432ca5ec70cfbe633f96f24a25

COCOAPODS: 1.11.3
